
Microsoft Visual Studio Solution File, Format Version 12.00
# Visual Studio Version 17
VisualStudioVersion = 17.1.32210.238
MinimumVisualStudioVersion = 10.0.40219.1
Project("{E24C65DC-7377-472B-9ABA-BC803B73C61A}") = "Tek_Form_CS", ".", "{B5C3C8D8-3693-4976-AA49-5AF3A1BDA84E}"
	ProjectSection(WebsiteProperties) = preProject
		TargetFrameworkMoniker = ".NETFramework,Version%3Dv4.8"
		Debug.AspNetCompiler.VirtualPath = "/localhost_56772"
		Debug.AspNetCompiler.PhysicalPath = "..\Tek_Form_CS\"
		Debug.AspNetCompiler.TargetPath = "PrecompiledWeb\localhost_56772\"
		Debug.AspNetCompiler.Updateable = "true"
		Debug.AspNetCompiler.ForceOverwrite = "true"
		Debug.AspNetCompiler.FixedNames = "false"
		Debug.AspNetCompiler.Debug = "True"
		Release.AspNetCompiler.VirtualPath = "/localhost_56772"
		Release.AspNetCompiler.PhysicalPath = "..\Tek_Form_CS\"
		Release.AspNetCompiler.TargetPath = "PrecompiledWeb\localhost_56772\"
		Release.AspNetCompiler.Updateable = "true"
		Release.AspNetCompiler.ForceOverwrite = "true"
		Release.AspNetCompiler.FixedNames = "false"
		Release.AspNetCompiler.Debug = "False"
		VWDPort = "56772"
		SlnRelativePath = "..\Tek_Form_CS\"
		DefaultWebSiteLanguage = "Visual C#"
	EndProjectSection
EndProject
Global
	GlobalSection(SolutionConfigurationPlatforms) = preSolution
		Debug|Any CPU = Debug|Any CPU
	EndGlobalSection
	GlobalSection(ProjectConfigurationPlatforms) = postSolution
		{B5C3C8D8-3693-4976-AA49-5AF3A1BDA84E}.Debug|Any CPU.ActiveCfg = Debug|Any CPU
		{B5C3C8D8-3693-4976-AA49-5AF3A1BDA84E}.Debug|Any CPU.Build.0 = Debug|Any CPU
	EndGlobalSection
	GlobalSection(SolutionProperties) = preSolution
		HideSolutionNode = FALSE
	EndGlobalSection
	GlobalSection(ExtensibilityGlobals) = postSolution
		SolutionGuid = {A4FBE86A-824A-43EF-8D45-DFFF1A8AC474}
	EndGlobalSection
EndGlobal
