
Microsoft Visual Studio Solution File, Format Version 12.00
# Visual Studio Version 17
VisualStudioVersion = 17.1.32210.238
MinimumVisualStudioVersion = 10.0.40219.1
Project("{E24C65DC-7377-472B-9ABA-BC803B73C61A}") = "RangeKontrol", ".", "{B231932F-8CEB-4FF4-91B9-1695103DF665}"
	ProjectSection(WebsiteProperties) = preProject
		TargetFrameworkMoniker = ".NETFramework,Version%3Dv4.0"
		Debug.AspNetCompiler.VirtualPath = "/localhost_63273"
		Debug.AspNetCompiler.PhysicalPath = "..\RangeKontrol\"
		Debug.AspNetCompiler.TargetPath = "PrecompiledWeb\localhost_63273\"
		Debug.AspNetCompiler.Updateable = "true"
		Debug.AspNetCompiler.ForceOverwrite = "true"
		Debug.AspNetCompiler.FixedNames = "false"
		Debug.AspNetCompiler.Debug = "True"
		Release.AspNetCompiler.VirtualPath = "/localhost_63273"
		Release.AspNetCompiler.PhysicalPath = "..\RangeKontrol\"
		Release.AspNetCompiler.TargetPath = "PrecompiledWeb\localhost_63273\"
		Release.AspNetCompiler.Updateable = "true"
		Release.AspNetCompiler.ForceOverwrite = "true"
		Release.AspNetCompiler.FixedNames = "false"
		Release.AspNetCompiler.Debug = "False"
		VWDPort = "63273"
		SlnRelativePath = "..\RangeKontrol\"
		DefaultWebSiteLanguage = "Visual Basic"
	EndProjectSection
EndProject
Global
	GlobalSection(SolutionConfigurationPlatforms) = preSolution
		Debug|Any CPU = Debug|Any CPU
	EndGlobalSection
	GlobalSection(ProjectConfigurationPlatforms) = postSolution
		{B231932F-8CEB-4FF4-91B9-1695103DF665}.Debug|Any CPU.ActiveCfg = Debug|Any CPU
		{B231932F-8CEB-4FF4-91B9-1695103DF665}.Debug|Any CPU.Build.0 = Debug|Any CPU
	EndGlobalSection
	GlobalSection(SolutionProperties) = preSolution
		HideSolutionNode = FALSE
	EndGlobalSection
	GlobalSection(ExtensibilityGlobals) = postSolution
		SolutionGuid = {4B6C4570-FBB9-47BE-B805-217082E58B7C}
	EndGlobalSection
EndGlobal
