
Microsoft Visual Studio Solution File, Format Version 12.00
# Visual Studio Version 17
VisualStudioVersion = 17.1.32210.238
MinimumVisualStudioVersion = 10.0.40219.1
Project("{E24C65DC-7377-472B-9ABA-BC803B73C61A}") = "ValidationsQuestionVisualBasic", ".", "{8F9877D6-60BD-410D-BFD7-7D2BF51C420D}"
	ProjectSection(WebsiteProperties) = preProject
		TargetFrameworkMoniker = ".NETFramework,Version%3Dv4.0"
		Debug.AspNetCompiler.VirtualPath = "/localhost_56889"
		Debug.AspNetCompiler.PhysicalPath = "..\ValidationsQuestionVisualBasic\"
		Debug.AspNetCompiler.TargetPath = "PrecompiledWeb\localhost_56889\"
		Debug.AspNetCompiler.Updateable = "true"
		Debug.AspNetCompiler.ForceOverwrite = "true"
		Debug.AspNetCompiler.FixedNames = "false"
		Debug.AspNetCompiler.Debug = "True"
		Release.AspNetCompiler.VirtualPath = "/localhost_56889"
		Release.AspNetCompiler.PhysicalPath = "..\ValidationsQuestionVisualBasic\"
		Release.AspNetCompiler.TargetPath = "PrecompiledWeb\localhost_56889\"
		Release.AspNetCompiler.Updateable = "true"
		Release.AspNetCompiler.ForceOverwrite = "true"
		Release.AspNetCompiler.FixedNames = "false"
		Release.AspNetCompiler.Debug = "False"
		VWDPort = "56889"
		SlnRelativePath = "..\ValidationsQuestionVisualBasic\"
		DefaultWebSiteLanguage = "Visual Basic"
	EndProjectSection
EndProject
Global
	GlobalSection(SolutionConfigurationPlatforms) = preSolution
		Debug|Any CPU = Debug|Any CPU
	EndGlobalSection
	GlobalSection(ProjectConfigurationPlatforms) = postSolution
		{8F9877D6-60BD-410D-BFD7-7D2BF51C420D}.Debug|Any CPU.ActiveCfg = Debug|Any CPU
		{8F9877D6-60BD-410D-BFD7-7D2BF51C420D}.Debug|Any CPU.Build.0 = Debug|Any CPU
	EndGlobalSection
	GlobalSection(SolutionProperties) = preSolution
		HideSolutionNode = FALSE
	EndGlobalSection
	GlobalSection(ExtensibilityGlobals) = postSolution
		SolutionGuid = {419DA839-3573-4D6F-97DE-85C32F679F4B}
	EndGlobalSection
EndGlobal
