
Microsoft Visual Studio Solution File, Format Version 12.00
# Visual Studio Version 17
VisualStudioVersion = 17.1.32210.238
MinimumVisualStudioVersion = 10.0.40219.1
Project("{E24C65DC-7377-472B-9ABA-BC803B73C61A}") = "Odev", ".", "{D218CF5B-8646-4B97-9B1C-84186CBC76A8}"
	ProjectSection(WebsiteProperties) = preProject
		TargetFrameworkMoniker = ".NETFramework,Version%3Dv4.8"
		Debug.AspNetCompiler.VirtualPath = "/localhost_58005"
		Debug.AspNetCompiler.PhysicalPath = "..\Odev\"
		Debug.AspNetCompiler.TargetPath = "PrecompiledWeb\localhost_58005\"
		Debug.AspNetCompiler.Updateable = "true"
		Debug.AspNetCompiler.ForceOverwrite = "true"
		Debug.AspNetCompiler.FixedNames = "false"
		Debug.AspNetCompiler.Debug = "True"
		Release.AspNetCompiler.VirtualPath = "/localhost_58005"
		Release.AspNetCompiler.PhysicalPath = "..\Odev\"
		Release.AspNetCompiler.TargetPath = "PrecompiledWeb\localhost_58005\"
		Release.AspNetCompiler.Updateable = "true"
		Release.AspNetCompiler.ForceOverwrite = "true"
		Release.AspNetCompiler.FixedNames = "false"
		Release.AspNetCompiler.Debug = "False"
		VWDPort = "58005"
		SlnRelativePath = "..\Odev\"
		DefaultWebSiteLanguage = "Visual Basic"
	EndProjectSection
EndProject
Global
	GlobalSection(SolutionConfigurationPlatforms) = preSolution
		Debug|Any CPU = Debug|Any CPU
	EndGlobalSection
	GlobalSection(ProjectConfigurationPlatforms) = postSolution
		{D218CF5B-8646-4B97-9B1C-84186CBC76A8}.Debug|Any CPU.ActiveCfg = Debug|Any CPU
		{D218CF5B-8646-4B97-9B1C-84186CBC76A8}.Debug|Any CPU.Build.0 = Debug|Any CPU
	EndGlobalSection
	GlobalSection(SolutionProperties) = preSolution
		HideSolutionNode = FALSE
	EndGlobalSection
	GlobalSection(ExtensibilityGlobals) = postSolution
		SolutionGuid = {BE3B16E2-B748-4EEB-B9D7-A064FDE222DE}
	EndGlobalSection
EndGlobal
