
Microsoft Visual Studio Solution File, Format Version 12.00
# Visual Studio Version 17
VisualStudioVersion = 17.1.32210.238
MinimumVisualStudioVersion = 10.0.40219.1
Project("{E24C65DC-7377-472B-9ABA-BC803B73C61A}") = "22vb", ".", "{7E46DDD5-8952-4332-B734-9C5F47C25299}"
	ProjectSection(WebsiteProperties) = preProject
		TargetFrameworkMoniker = ".NETFramework,Version%3Dv4.8"
		Debug.AspNetCompiler.VirtualPath = "/localhost_54453"
		Debug.AspNetCompiler.PhysicalPath = "..\22vb\"
		Debug.AspNetCompiler.TargetPath = "PrecompiledWeb\localhost_54453\"
		Debug.AspNetCompiler.Updateable = "true"
		Debug.AspNetCompiler.ForceOverwrite = "true"
		Debug.AspNetCompiler.FixedNames = "false"
		Debug.AspNetCompiler.Debug = "True"
		Release.AspNetCompiler.VirtualPath = "/localhost_54453"
		Release.AspNetCompiler.PhysicalPath = "..\22vb\"
		Release.AspNetCompiler.TargetPath = "PrecompiledWeb\localhost_54453\"
		Release.AspNetCompiler.Updateable = "true"
		Release.AspNetCompiler.ForceOverwrite = "true"
		Release.AspNetCompiler.FixedNames = "false"
		Release.AspNetCompiler.Debug = "False"
		VWDPort = "54453"
		SlnRelativePath = "..\22vb\"
		DefaultWebSiteLanguage = "Visual Basic"
	EndProjectSection
EndProject
Global
	GlobalSection(SolutionConfigurationPlatforms) = preSolution
		Debug|Any CPU = Debug|Any CPU
	EndGlobalSection
	GlobalSection(ProjectConfigurationPlatforms) = postSolution
		{7E46DDD5-8952-4332-B734-9C5F47C25299}.Debug|Any CPU.ActiveCfg = Debug|Any CPU
		{7E46DDD5-8952-4332-B734-9C5F47C25299}.Debug|Any CPU.Build.0 = Debug|Any CPU
	EndGlobalSection
	GlobalSection(SolutionProperties) = preSolution
		HideSolutionNode = FALSE
	EndGlobalSection
	GlobalSection(ExtensibilityGlobals) = postSolution
		SolutionGuid = {48649A03-6F8B-4001-AFB4-C6FA468C5167}
	EndGlobalSection
EndGlobal
